
Microsoft Visual Studio Solution File, Format Version 12.00
# Visual Studio 15
Project("{FAE04EC0-301F-11D3-BF4B-00C04F79EFBC}") = "ExpenseEntryAPI", "ExpenseEntryAPI\ExpenseEntryAPI.csproj", "{6EECE5C7-7AD9-4A75-803D-0FB9F06E66CA}"
EndProject
Project("{FAE04EC0-301F-11D3-BF4B-00C04F79EFBC}") = "ExpenseEntryService", "ExpenseEntryService\ExpenseEntryService.csproj", "{1B7D1EC3-5AA4-4509-A225-5267D55DDDD0}"
EndProject
Global
	GlobalSection(SolutionConfigurationPlatforms) = preSolution
		Debug|Any CPU = Debug|Any CPU
		Release|Any CPU = Release|Any CPU
	EndGlobalSection
	GlobalSection(ProjectConfigurationPlatforms) = postSolution
		{6EECE5C7-7AD9-4A75-803D-0FB9F06E66CA}.Debug|Any CPU.ActiveCfg = Debug|Any CPU
		{6EECE5C7-7AD9-4A75-803D-0FB9F06E66CA}.Debug|Any CPU.Build.0 = Debug|Any CPU
		{6EECE5C7-7AD9-4A75-803D-0FB9F06E66CA}.Release|Any CPU.ActiveCfg = Release|Any CPU
		{6EECE5C7-7AD9-4A75-803D-0FB9F06E66CA}.Release|Any CPU.Build.0 = Release|Any CPU
		{1B7D1EC3-5AA4-4509-A225-5267D55DDDD0}.Debug|Any CPU.ActiveCfg = Debug|Any CPU
		{1B7D1EC3-5AA4-4509-A225-5267D55DDDD0}.Debug|Any CPU.Build.0 = Debug|Any CPU
		{1B7D1EC3-5AA4-4509-A225-5267D55DDDD0}.Release|Any CPU.ActiveCfg = Release|Any CPU
		{1B7D1EC3-5AA4-4509-A225-5267D55DDDD0}.Release|Any CPU.Build.0 = Release|Any CPU
	EndGlobalSection
EndGlobal
